
Microsoft Visual Studio Solution File, Format Version 12.00
# Visual Studio Version 16
VisualStudioVersion = 16.0.29215.179
MinimumVisualStudioVersion = 10.0.40219.1
Project("{9A19103F-16F7-4668-BE54-9A1E7A4F7556}") = "MUDMaster", "MUDMaster.csproj", "{369B82F7-F79F-4281-85D0-809B7E9AD7C9}"
EndProject
Project("{00D1A9C2-B5F0-4AF3-8072-F6C62B433612}") = "MUDMasterDB", "..\MUDMasterDB\MUDMasterDB.sqlproj", "{2AB0FDF6-8AE2-4B65-B881-9AD294158144}"
EndProject
Global
	GlobalSection(SolutionConfigurationPlatforms) = preSolution
		Debug|Any CPU = Debug|Any CPU
		Release|Any CPU = Release|Any CPU
	EndGlobalSection
	GlobalSection(ProjectConfigurationPlatforms) = postSolution
		{369B82F7-F79F-4281-85D0-809B7E9AD7C9}.Debug|Any CPU.ActiveCfg = Debug|Any CPU
		{369B82F7-F79F-4281-85D0-809B7E9AD7C9}.Debug|Any CPU.Build.0 = Debug|Any CPU
		{369B82F7-F79F-4281-85D0-809B7E9AD7C9}.Release|Any CPU.ActiveCfg = Release|Any CPU
		{369B82F7-F79F-4281-85D0-809B7E9AD7C9}.Release|Any CPU.Build.0 = Release|Any CPU
		{2AB0FDF6-8AE2-4B65-B881-9AD294158144}.Debug|Any CPU.ActiveCfg = Debug|Any CPU
		{2AB0FDF6-8AE2-4B65-B881-9AD294158144}.Debug|Any CPU.Build.0 = Debug|Any CPU
		{2AB0FDF6-8AE2-4B65-B881-9AD294158144}.Debug|Any CPU.Deploy.0 = Debug|Any CPU
		{2AB0FDF6-8AE2-4B65-B881-9AD294158144}.Release|Any CPU.ActiveCfg = Release|Any CPU
		{2AB0FDF6-8AE2-4B65-B881-9AD294158144}.Release|Any CPU.Build.0 = Release|Any CPU
		{2AB0FDF6-8AE2-4B65-B881-9AD294158144}.Release|Any CPU.Deploy.0 = Release|Any CPU
	EndGlobalSection
	GlobalSection(SolutionProperties) = preSolution
		HideSolutionNode = FALSE
	EndGlobalSection
	GlobalSection(ExtensibilityGlobals) = postSolution
		SolutionGuid = {6CF5247F-7F6D-435B-9B05-61340D44227A}
	EndGlobalSection
EndGlobal
